lockfileVersion: 5.3

specifiers:
  discovery-swarm: ^6.1.0
  get-port: ^6.1.2

dependencies:
  discovery-swarm: 6.1.0
  get-port: 6.1.2

packages:

  /@leichtgewicht/ip-codec/2.0.3:
    resolution: {integrity: sha512-nkalE/f1RvRGChwBnEIoBfSEYOXnCRdleKuv6+lePbMDrMZXeDQnqak5XDOeBgrPPyPfAdcCu/B5z+v3VhplGg==}
    dev: false

  /bencode/1.0.0:
    resolution: {integrity: sha512-N+VOSP5MkoX+xgnp6Y056iCY5TmCZg9rgPNPQe0bIiXchxYFP4vs/Tf0dTdQ+qQhP7HM2gvfFq+sUVjQsGy5Zw==}
    dependencies:
      safe-buffer: 5.2.1
    dev: false

  /bencode/2.0.2:
    resolution: {integrity: sha512-0ilVjnE2diLdbec/3KN14SP0KE85wh8v/FceNRMbAB2ioc3yTj9tgqdoK9tFEH++TZ10JreTS29qTwg7+SpTiQ==}
    dev: false

  /bittorrent-dht/7.10.0:
    resolution: {integrity: sha512-fvb6M58Ceiv/S94nu6zeaiMoJvUYOeIqRbgaClm+kJTzCAqJPtAR/31pXNYB5iEReOoKqQB5zY33gY0W6ZRWQQ==}
    dependencies:
      bencode: 1.0.0
      buffer-equals: 1.0.4
      debug: 3.2.7
      inherits: 2.0.4
      k-bucket: 3.3.1
      k-rpc: 4.3.1
      lru: 3.1.0
      randombytes: 2.1.0
      safe-buffer: 5.2.1
      simple-sha1: 2.1.2
    dev: false

  /buffer-equals/1.0.4:
    resolution: {integrity: sha1-A1O1T9B/2VZBcGca5vZrnPENJ/U=}
    engines: {node: '>=0.10.0'}
    dev: false

  /buffer-from/1.1.2:
    resolution: {integrity: sha512-E+XQCRwSbaaiChtv6k6Dwgc+bx+Bs6vuKJHHl5kox/BaKbhiXzqQOwK4cO22yElGp2OCmjwVhT3HmxgyPGnJfQ==}
    dev: false

  /chrome-dgram/3.0.6:
    resolution: {integrity: sha512-bqBsUuaOiXiqxXt/zA/jukNJJ4oaOtc7ciwqJpZVEaaXwwxqgI2/ZdG02vXYWUhHGziDlvGMQWk0qObgJwVYKA==}
    dependencies:
      inherits: 2.0.4
      run-series: 1.1.9
    dev: false

  /chrome-dns/1.0.1:
    resolution: {integrity: sha512-HqsYJgIc8ljJJOqOzLphjAs79EUuWSX3nzZi2LNkzlw3GIzAeZbaSektC8iT/tKvLqZq8yl1GJu5o6doA4TRbg==}
    dependencies:
      chrome-net: 3.3.4
    dev: false

  /chrome-net/3.3.4:
    resolution: {integrity: sha512-Jzy2EnzmE+ligqIZUsmWnck9RBXLuUy6CaKyuNMtowFG3ZvLt8d+WBJCTPEludV0DHpIKjAOlwjFmTaEdfdWCw==}
    dependencies:
      inherits: 2.0.4
    dev: false

  /circular-append-file/1.0.1:
    resolution: {integrity: sha512-BUDFvrBTCdeVhg9E05PX4XgMegk6xWB69uGwyuATEg7PMfa9lGU1mzFSK0xWNW2O0i9CAQHN0oIdXI/kI2hPkg==}
    dependencies:
      multistream: 2.1.1
    dev: false

  /connections/1.4.2:
    resolution: {integrity: sha1-eJBIK/XHGvbFyhkr4xNq7XRCiq0=}
    dev: false

  /core-util-is/1.0.3:
    resolution: {integrity: sha512-ZQBvi1DcpJ4GDqanjucZ2Hj3wEO5pZDS89BWbkcrvdxksJorwUDDZamX9ldFkp9aw2lmBDLgkObEA4DWNJ9FYQ==}
    dev: false

  /debug/2.6.9:
    resolution: {integrity: sha512-bC7ElrdJaJnPbAP+1EotYvqZsb3ecl5wi6Bfi6BJTUcNowp6cvspg0jXznRTKDjm/E7AdgFBVeAPVMNcKGsHMA==}
    dependencies:
      ms: 2.0.0
    dev: false

  /debug/3.2.7:
    resolution: {integrity: sha512-CFjzYYAi4ThfiQvizrFQevTTXHtnCqWfe7x1AhgEscTz6ZbLbfoLRLPugTQyBth6f8ZERVUSyWHFD/7Wu4t1XQ==}
    dependencies:
      ms: 2.1.3
    dev: false

  /debug/4.3.3:
    resolution: {integrity: sha512-/zxw5+vh1Tfv+4Qn7a5nsbcJKPaSvCDhojn6FEl9vupwK2VCSDtEiEtqr8DFtzYFOdz63LBkxec7DYuc2jon6Q==}
    engines: {node: '>=6.0'}
    peerDependencies:
      supports-color: '*'
    peerDependenciesMeta:
      supports-color:
        optional: true
    dependencies:
      ms: 2.1.2
    dev: false

  /discovery-channel/5.5.1:
    resolution: {integrity: sha512-EEmZQFE0PiOsJj7G3KVCwFGbYs4QchUvzA91iHtZ6HfkIqfBEDSTGLygJrUlY1Tr77WDV+qZVrZuNghHxSL/vw==}
    dependencies:
      bittorrent-dht: 7.10.0
      buffer-from: 1.1.2
      debug: 2.6.9
      dns-discovery: 6.2.3
      pretty-hash: 1.0.1
      thunky: 0.1.0
    dev: false

  /discovery-swarm/6.1.0:
    resolution: {integrity: sha512-R5Do28YiUgDbied1ehiP0IflsX1KUJZsYSBpuGVDUCqJVlGDVMzu4uH/a5vQwEj53EQBOLGDcBS68uEIDYGeUg==}
    dependencies:
      connections: 1.4.2
      debug: 4.3.3
      discovery-channel: 5.5.1
      length-prefixed-message: 3.0.4
      pump: 3.0.0
      to-buffer: 1.1.1
    optionalDependencies:
      utp-native: 2.5.3
    transitivePeerDependencies:
      - supports-color
    dev: false

  /dns-discovery/6.2.3:
    resolution: {integrity: sha512-ZULG1R5J9QHZfaXo5XFGVG22LIcnZorbEa7f83FYgCGDaQrVfyVmty3Z89OvBLpCPetwW+LzjCcT60ekhbQ+9g==}
    hasBin: true
    dependencies:
      circular-append-file: 1.0.1
      debug: 2.6.9
      dns-socket: 3.0.0
      lru: 2.0.1
      minimist: 1.2.5
      multicast-dns: 7.2.4
      network-address: 1.1.2
      pump: 3.0.0
      speedometer: 1.1.0
      unordered-set: 1.1.0
    dev: false

  /dns-packet/4.2.0:
    resolution: {integrity: sha512-bn1AKpfkFbm0MIioOMHZ5qJzl2uypdBwI4nYNsqvhjsegBhcKJUlCrMPWLx6JEezRjxZmxhtIz/FkBEur2l8Cw==}
    engines: {node: '>=4'}
    dependencies:
      ip: 1.1.5
      safe-buffer: 5.2.1
    dev: false

  /dns-packet/5.3.1:
    resolution: {integrity: sha512-spBwIj0TK0Ey3666GwIdWVfUpLyubpU53BTCu8iPn4r4oXd9O14Hjg3EHw3ts2oed77/SeckunUYCyRlSngqHw==}
    engines: {node: '>=6'}
    dependencies:
      '@leichtgewicht/ip-codec': 2.0.3
    dev: false

  /dns-socket/3.0.0:
    resolution: {integrity: sha512-M0WkByoJ/mTm+HtwBQLsRJPe5uGIC/lYVOp+s6ZzhbZ5iq4GxjFyxYPQhB85dgCLvVb43aJQXHDC9aUgyKGc/Q==}
    engines: {node: '>=4'}
    dependencies:
      dns-packet: 4.2.0
    dev: false

  /end-of-stream/1.4.4:
    resolution: {integrity: sha512-+uw1inIHVPQoaVuHzRyXd21icM+cnt4CzD5rW+NC1wjOUSTOs+Te7FOv7AhN7vS9x/oIyhLP5PR1H+phQAHu5Q==}
    dependencies:
      once: 1.4.0
    dev: false

  /get-port/6.1.2:
    resolution: {integrity: sha512-BrGGraKm2uPqurfGVj/z97/zv8dPleC6x9JBNRTrDNtCkkRF4rPwrQXFgL7+I+q8QSdU4ntLQX2D7KIxSy8nGw==}
    engines: {node: ^12.20.0 || ^14.13.1 || >=16.0.0}
    dev: false

  /inherits/2.0.4:
    resolution: {integrity: sha512-k/vGaX4/Yla3WzyMCvTQOXYeIHvqOKtnqBduzTHpzpQZzAskKMhZ2K+EnBiSM9zGSoIFeMpXKxa4dYeZIQqewQ==}
    dev: false

  /ip/1.1.5:
    resolution: {integrity: sha1-vd7XARQpCCjAoDnnLvJfWq7ENUo=}
    dev: false

  /isarray/1.0.0:
    resolution: {integrity: sha1-u5NdSFgsuhaMBoNJV6VKPgcSTxE=}
    dev: false

  /k-bucket/3.3.1:
    resolution: {integrity: sha512-kgwWqYT79rAahn4maIVTP8dIe+m1KulufWW+f1bB9DlZrRFiGpZ4iJOg2HUp4xJYBWONP3+rOPIWF/RXABU6mw==}
    dependencies:
      buffer-equals: 1.0.4
      inherits: 2.0.4
      randombytes: 2.1.0
    dev: false

  /k-bucket/4.0.1:
    resolution: {integrity: sha512-YvDpmY3waI999h1zZoW1rJ04fZrgZ+5PAlVmvwDHT6YO/Q1AOhdel07xsKy9eAvJjQ9xZV1wz3rXKqEfaWvlcQ==}
    dependencies:
      inherits: 2.0.4
      randombytes: 2.1.0
    dev: false

  /k-rpc-socket/1.11.1:
    resolution: {integrity: sha512-8xtA8oqbZ6v1Niryp2/g4GxW16EQh5MvrUylQoOG+zcrDff5CKttON2XUXvMwlIHq4/2zfPVFiinAccJ+WhxoA==}
    dependencies:
      bencode: 2.0.2
      chrome-dgram: 3.0.6
      chrome-dns: 1.0.1
      chrome-net: 3.3.4
    dev: false

  /k-rpc/4.3.1:
    resolution: {integrity: sha512-mgAJZeFYbpP0xzJzmS0TQTYoFI0sjy3GnKFhg8wyboL+KvWg2WLaA2Oy9PthLPx2Rxz4WeBMk4y3MSOrDJ95FA==}
    dependencies:
      buffer-equals: 1.0.4
      k-bucket: 4.0.1
      k-rpc-socket: 1.11.1
      randombytes: 2.1.0
      safe-buffer: 5.2.1
    dev: false

  /length-prefixed-message/3.0.4:
    resolution: {integrity: sha512-Tqyx4nggb9nkLD6p4hyIz7UiVNg5u3OnCP2h0hS/HXpheH88rsoNEgNB8xTnpPMw6zWXGZ7Cpg1zhWPlsJ0/TQ==}
    dependencies:
      varint: 3.0.1
    dev: false

  /lru/2.0.1:
    resolution: {integrity: sha1-+XmHHhYuP1yiVL5GhExT1MU2RUQ=}
    engines: {node: '>= 0.4.0'}
    dependencies:
      inherits: 2.0.4
    dev: false

  /lru/3.1.0:
    resolution: {integrity: sha1-6n+4VG2DczOWoTCR12z+tMBoN9U=}
    engines: {node: '>= 0.4.0'}
    dependencies:
      inherits: 2.0.4
    dev: false

  /minimist/1.2.5:
    resolution: {integrity: sha512-FM9nNUYrRBAELZQT3xeZQ7fmMOBg6nWNmJKTcgsJeaLstP/UODVpGsr5OhXhhXg6f+qtJ8uiZ+PUxkDWcgIXLw==}
    dev: false

  /ms/2.0.0:
    resolution: {integrity: sha1-VgiurfwAvmwpAd9fmGF4jeDVl8g=}
    dev: false

  /ms/2.1.2:
    resolution: {integrity: sha512-sGkPx+VjMtmA6MX27oA4FBFELFCZZ4S4XqeGOXCv68tT+jb3vk/RyaKWP0PTKyWtmLSM0b+adUTEvbs1PEaH2w==}
    dev: false

  /ms/2.1.3:
    resolution: {integrity: sha512-6FlzubTLZG3J2a/NVCAleEhjzq5oxgHyaCU9yYXvcLsvoVaHJq/s5xXI6/XXP6tz7R9xAOtHnSO/tXtF3WRTlA==}
    dev: false

  /multicast-dns/7.2.4:
    resolution: {integrity: sha512-XkCYOU+rr2Ft3LI6w4ye51M3VK31qJXFIxu0XLw169PtKG0Zx47OrXeVW/GCYOfpC9s1yyyf1S+L8/4LY0J9Zw==}
    hasBin: true
    dependencies:
      dns-packet: 5.3.1
      thunky: 1.1.0
    dev: false

  /multistream/2.1.1:
    resolution: {integrity: sha512-xasv76hl6nr1dEy3lPvy7Ej7K/Lx3O/FCvwge8PeVJpciPPoNCbaANcNiBug3IpdvTveZUcAV0DJzdnUDMesNQ==}
    dependencies:
      inherits: 2.0.4
      readable-stream: 2.3.7
    dev: false

  /napi-macros/2.0.0:
    resolution: {integrity: sha512-A0xLykHtARfueITVDernsAWdtIMbOJgKgcluwENp3AlsKN/PloyO10HtmoqnFAQAcxPkgZN7wdfPfEd0zNGxbg==}
    dev: false
    optional: true

  /network-address/1.1.2:
    resolution: {integrity: sha1-Sqe/1D8D8LgclwKxPWqFjdsybz4=}
    hasBin: true
    dev: false

  /node-gyp-build/4.3.0:
    resolution: {integrity: sha512-iWjXZvmboq0ja1pUGULQBexmxq8CV4xBhX7VDOTbL7ZR4FOowwY/VOtRxBN/yKxmdGoIp4j5ysNT4u3S2pDQ3Q==}
    hasBin: true
    dev: false
    optional: true

  /once/1.4.0:
    resolution: {integrity: sha1-WDsap3WWHUsROsF9nFC6753Xa9E=}
    dependencies:
      wrappy: 1.0.2
    dev: false

  /pretty-hash/1.0.1:
    resolution: {integrity: sha1-FuBXkYje9WvbVliSvNBaXWUySAc=}
    dev: false

  /process-nextick-args/2.0.1:
    resolution: {integrity: sha512-3ouUOpQhtgrbOa17J7+uxOTpITYWaGP7/AhoR3+A+/1e9skrzelGi/dXzEYyvbxubEF6Wn2ypscTKiKJFFn1ag==}
    dev: false

  /pump/3.0.0:
    resolution: {integrity: sha512-LwZy+p3SFs1Pytd/jYct4wpv49HiYCqd9Rlc5ZVdk0V+8Yzv6jR5Blk3TRmPL1ft69TxP0IMZGJ+WPFU2BFhww==}
    dependencies:
      end-of-stream: 1.4.4
      once: 1.4.0
    dev: false

  /randombytes/2.1.0:
    resolution: {integrity: sha512-vYl3iOX+4CKUWuxGi9Ukhie6fsqXqS9FE2Zaic4tNFD2N2QQaXOMFbuKK4QmDHC0JO6B1Zp41J0LpT0oR68amQ==}
    dependencies:
      safe-buffer: 5.2.1
    dev: false

  /readable-stream/2.3.7:
    resolution: {integrity: sha512-Ebho8K4jIbHAxnuxi7o42OrZgF/ZTNcsZj6nRKyUmkhLFq8CHItp/fy6hQZuZmP/n3yZ9VBUbp4zz/mX8hmYPw==}
    dependencies:
      core-util-is: 1.0.3
      inherits: 2.0.4
      isarray: 1.0.0
      process-nextick-args: 2.0.1
      safe-buffer: 5.1.2
      string_decoder: 1.1.1
      util-deprecate: 1.0.2
    dev: false

  /readable-stream/3.6.0:
    resolution: {integrity: sha512-BViHy7LKeTz4oNnkcLJ+lVSL6vpiFeX6/d3oSH8zCW7UxP2onchk+vTGB143xuFjHS3deTgkKoXXymXqymiIdA==}
    engines: {node: '>= 6'}
    dependencies:
      inherits: 2.0.4
      string_decoder: 1.3.0
      util-deprecate: 1.0.2
    dev: false
    optional: true

  /run-series/1.1.9:
    resolution: {integrity: sha512-Arc4hUN896vjkqCYrUXquBFtRZdv1PfLbTYP71efP6butxyQ0kWpiNJyAgsxscmQg1cqvHY32/UCBzXedTpU2g==}
    dev: false

  /rusha/0.8.14:
    resolution: {integrity: sha512-cLgakCUf6PedEu15t8kbsjnwIFFR2D4RfL+W3iWFJ4iac7z4B0ZI8fxy4R3J956kAI68HclCFGL8MPoUVC3qVA==}
    dev: false

  /safe-buffer/5.1.2:
    resolution: {integrity: sha512-Gd2UZBJDkXlY7GbJxfsE8/nvKkUEU1G38c1siN6QP6a9PT9MmHB8GnpscSmMJSoF8LOIrt8ud/wPtojys4G6+g==}
    dev: false

  /safe-buffer/5.2.1:
    resolution: {integrity: sha512-rp3So07KcdmmKbGvgaNxQSJr7bGVSVk5S9Eq1F+ppbRo70+YeaDxkw5Dd8NPN+GD6bjnYm2VuPuCXmpuYvmCXQ==}
    dev: false

  /simple-sha1/2.1.2:
    resolution: {integrity: sha512-TQl9rm4rdKAVmhO++sXAb8TNN0D6JAD5iyI1mqEPNpxUzTRrtm4aOG1pDf/5W/qCFihiaoK6uuL9rvQz1x1VKw==}
    dependencies:
      rusha: 0.8.14
    dev: false

  /speedometer/1.1.0:
    resolution: {integrity: sha512-z/wAiTESw2XVPssY2XRcme4niTc4S5FkkJ4gknudtVoc33Zil8TdTxHy5torRcgqMqksJV2Yz8HQcvtbsnw0mQ==}
    dev: false

  /string_decoder/1.1.1:
    resolution: {integrity: sha512-n/ShnvDi6FHbbVfviro+WojiFzv+s8MPMHBczVePfUpDJLwoLT0ht1l4YwBCbi8pJAveEEdnkHyPyTP/mzRfwg==}
    dependencies:
      safe-buffer: 5.1.2
    dev: false

  /string_decoder/1.3.0:
    resolution: {integrity: sha512-hkRX8U1WjJFd8LsDJ2yQ/wWWxaopEsABU1XfkM8A+j0+85JAGppt16cr1Whg6KIbb4okU6Mql6BOj+uup/wKeA==}
    dependencies:
      safe-buffer: 5.2.1
    dev: false
    optional: true

  /thunky/0.1.0:
    resolution: {integrity: sha1-vzAUaCTituZ7Dy16Ssi+smkIaE4=}
    dev: false

  /thunky/1.1.0:
    resolution: {integrity: sha512-eHY7nBftgThBqOyHGVN+l8gF0BucP09fMo0oO/Lb0w1OF80dJv+lDVpXG60WMQvkcxAkNybKsrEIE3ZtKGmPrA==}
    dev: false

  /timeout-refresh/1.0.3:
    resolution: {integrity: sha512-Mz0CX4vBGM5lj8ttbIFt7o4ZMxk/9rgudJRh76EvB7xXZMur7T/cjRiH2w4Fmkq0zxf2QpM8IFvOSRn8FEu3gA==}
    dev: false
    optional: true

  /to-buffer/1.1.1:
    resolution: {integrity: sha512-lx9B5iv7msuFYE3dytT+KE5tap+rNYw+K4jVkb9R/asAb+pbBSM17jtunHplhBe6RRJdZx3Pn2Jph24O32mOVg==}
    dev: false

  /unordered-set/1.1.0:
    resolution: {integrity: sha1-K6fvMW7dC5WQzFR8dPdqLxZP7Mo=}
    dev: false

  /unordered-set/2.0.1:
    resolution: {integrity: sha512-eUmNTPzdx+q/WvOHW0bgGYLWvWHNT3PTKEQLg0MAQhc0AHASHVHoP/9YytYd4RBVariqno/mEUhVZN98CmD7bg==}
    dev: false
    optional: true

  /util-deprecate/1.0.2:
    resolution: {integrity: sha1-RQ1Nyfpw3nMnYvvS1KKJgUGaDM8=}
    dev: false

  /utp-native/2.5.3:
    resolution: {integrity: sha512-sWTrWYXPhhWJh+cS2baPzhaZc89zwlWCfwSthUjGhLkZztyPhcQllo+XVVCbNGi7dhyRlxkWxN4NKU6FbA9Y8w==}
    engines: {node: '>=8.12'}
    hasBin: true
    requiresBuild: true
    dependencies:
      napi-macros: 2.0.0
      node-gyp-build: 4.3.0
      readable-stream: 3.6.0
      timeout-refresh: 1.0.3
      unordered-set: 2.0.1
    dev: false
    optional: true

  /varint/3.0.1:
    resolution: {integrity: sha1-nT9T4DbAqxIACnS8LSTL8JOlgdk=}
    dev: false

  /wrappy/1.0.2:
    resolution: {integrity: sha1-tSQ9jz7BqjXxNkYFvA0QNuMKtp8=}
    dev: false
